
Microsoft Visual Studio Solution File, Format Version 12.00
# Visual Studio 14
VisualStudioVersion = 14.0.24720.0
MinimumVisualStudioVersion = 10.0.40219.1
Project("{FAE04EC0-301F-11D3-BF4B-00C04F79EFBC}") = "MemoryStudyAnalyzer", "MemoryStudyAnalyzer\MemoryStudyAnalyzer.csproj", "{83C4B43B-FA46-4C8B-BB28-3329A894321C}"
EndProject
Project("{FAE04EC0-301F-11D3-BF4B-00C04F79EFBC}") = "LinqStatistics", "LinqStatistics-master\LinqStatistics\LinqStatistics.csproj", "{FA474C99-3F49-493F-8F18-D0EE98961595}"
EndProject
Global
	GlobalSection(SolutionConfigurationPlatforms) = preSolution
		Debug|Any CPU = Debug|Any CPU
		Release|Any CPU = Release|Any CPU
	EndGlobalSection
	GlobalSection(ProjectConfigurationPlatforms) = postSolution
		{83C4B43B-FA46-4C8B-BB28-3329A894321C}.Debug|Any CPU.ActiveCfg = Debug|Any CPU
		{83C4B43B-FA46-4C8B-BB28-3329A894321C}.Debug|Any CPU.Build.0 = Debug|Any CPU
		{83C4B43B-FA46-4C8B-BB28-3329A894321C}.Release|Any CPU.ActiveCfg = Release|Any CPU
		{83C4B43B-FA46-4C8B-BB28-3329A894321C}.Release|Any CPU.Build.0 = Release|Any CPU
		{FA474C99-3F49-493F-8F18-D0EE98961595}.Debug|Any CPU.ActiveCfg = Debug|Any CPU
		{FA474C99-3F49-493F-8F18-D0EE98961595}.Debug|Any CPU.Build.0 = Debug|Any CPU
		{FA474C99-3F49-493F-8F18-D0EE98961595}.Release|Any CPU.ActiveCfg = Release|Any CPU
		{FA474C99-3F49-493F-8F18-D0EE98961595}.Release|Any CPU.Build.0 = Release|Any CPU
	EndGlobalSection
	GlobalSection(SolutionProperties) = preSolution
		HideSolutionNode = FALSE
	EndGlobalSection
EndGlobal
